
Microsoft Visual Studio Solution File, Format Version 12.00
# Visual Studio Version 17
VisualStudioVersion = 17.2.32516.85
MinimumVisualStudioVersion = 10.0.40219.1
Project("{FAE04EC0-301F-11D3-BF4B-00C04F79EFBC}") = "ProyectoE-COMMERCE", "ProyectoE-COMMERCE\ProyectoE-COMMERCE.csproj", "{5FA59A1E-2A6F-4507-80F6-4ED38623D0B2}"
EndProject
Global
	GlobalSection(SolutionConfigurationPlatforms) = preSolution
		Debug|Any CPU = Debug|Any CPU
		Release|Any CPU = Release|Any CPU
	EndGlobalSection
	GlobalSection(ProjectConfigurationPlatforms) = postSolution
		{5FA59A1E-2A6F-4507-80F6-4ED38623D0B2}.Debug|Any CPU.ActiveCfg = Debug|Any CPU
		{5FA59A1E-2A6F-4507-80F6-4ED38623D0B2}.Debug|Any CPU.Build.0 = Debug|Any CPU
		{5FA59A1E-2A6F-4507-80F6-4ED38623D0B2}.Release|Any CPU.ActiveCfg = Release|Any CPU
		{5FA59A1E-2A6F-4507-80F6-4ED38623D0B2}.Release|Any CPU.Build.0 = Release|Any CPU
	EndGlobalSection
	GlobalSection(SolutionProperties) = preSolution
		HideSolutionNode = FALSE
	EndGlobalSection
	GlobalSection(ExtensibilityGlobals) = postSolution
		SolutionGuid = {AEA5B163-39D1-41A2-91F6-29A5B7AA44C2}
	EndGlobalSection
EndGlobal
