
Microsoft Visual Studio Solution File, Format Version 12.00
# Visual Studio Version 17
VisualStudioVersion = 17.2.32516.85
MinimumVisualStudioVersion = 10.0.40219.1
Project("{FAE04EC0-301F-11D3-BF4B-00C04F79EFBC}") = "ProyectoE-COMMERCE", "ProyectoE-COMMERCE\ProyectoE-COMMERCE.csproj", "{5FA59A1E-2A6F-4507-80F6-4ED38623D0B2}"
EndProject
Project("{FAE04EC0-301F-11D3-BF4B-00C04F79EFBC}") = "dominio", "dominio\dominio.csproj", "{6880E685-A8A2-4BB0-869A-2F1AA5AFDABD}"
EndProject
Project("{FAE04EC0-301F-11D3-BF4B-00C04F79EFBC}") = "negocio", "negocio\negocio.csproj", "{214F2894-99E7-45B5-85F7-F1EB64E39BF8}"
EndProject
Project("{2150E333-8FDC-42A3-9474-1A3956D46DE8}") = "Solution Items", "Solution Items", "{C7D7B467-5A7A-4075-8630-32DB984CB4CD}"
	ProjectSection(SolutionItems) = preProject
		SqlQuery_1.sql = SqlQuery_1.sql
	EndProjectSection
EndProject
Global
	GlobalSection(SolutionConfigurationPlatforms) = preSolution
		Debug|Any CPU = Debug|Any CPU
		Release|Any CPU = Release|Any CPU
	EndGlobalSection
	GlobalSection(ProjectConfigurationPlatforms) = postSolution
		{5FA59A1E-2A6F-4507-80F6-4ED38623D0B2}.Debug|Any CPU.ActiveCfg = Debug|Any CPU
		{5FA59A1E-2A6F-4507-80F6-4ED38623D0B2}.Debug|Any CPU.Build.0 = Debug|Any CPU
		{5FA59A1E-2A6F-4507-80F6-4ED38623D0B2}.Release|Any CPU.ActiveCfg = Release|Any CPU
		{5FA59A1E-2A6F-4507-80F6-4ED38623D0B2}.Release|Any CPU.Build.0 = Release|Any CPU
		{6880E685-A8A2-4BB0-869A-2F1AA5AFDABD}.Debug|Any CPU.ActiveCfg = Debug|Any CPU
		{6880E685-A8A2-4BB0-869A-2F1AA5AFDABD}.Debug|Any CPU.Build.0 = Debug|Any CPU
		{6880E685-A8A2-4BB0-869A-2F1AA5AFDABD}.Release|Any CPU.ActiveCfg = Release|Any CPU
		{6880E685-A8A2-4BB0-869A-2F1AA5AFDABD}.Release|Any CPU.Build.0 = Release|Any CPU
		{214F2894-99E7-45B5-85F7-F1EB64E39BF8}.Debug|Any CPU.ActiveCfg = Debug|Any CPU
		{214F2894-99E7-45B5-85F7-F1EB64E39BF8}.Debug|Any CPU.Build.0 = Debug|Any CPU
		{214F2894-99E7-45B5-85F7-F1EB64E39BF8}.Release|Any CPU.ActiveCfg = Release|Any CPU
		{214F2894-99E7-45B5-85F7-F1EB64E39BF8}.Release|Any CPU.Build.0 = Release|Any CPU
	EndGlobalSection
	GlobalSection(SolutionProperties) = preSolution
		HideSolutionNode = FALSE
	EndGlobalSection
	GlobalSection(ExtensibilityGlobals) = postSolution
		SolutionGuid = {AEA5B163-39D1-41A2-91F6-29A5B7AA44C2}
	EndGlobalSection
EndGlobal
